
Microsoft Visual Studio Solution File, Format Version 12.00
# Visual Studio Version 17
VisualStudioVersion = 17.2.32210.308
MinimumVisualStudioVersion = 10.0.40219.1
Project("{9A19103F-16F7-4668-BE54-9A1E7A4F7556}") = "MasaWebApp", "tests\MasaWebApp\MasaWebApp.csproj", "{4182AAB9-5654-411E-9EC2-813B4C5F20C2}"
EndProject
Project("{9A19103F-16F7-4668-BE54-9A1E7A4F7556}") = "Masa.Stack.Components", "src\Masa.Stack.Components\Masa.Stack.Components.csproj", "{DEE455D8-999F-426D-A5D4-D5EAF5E337B8}"
EndProject
Project("{9A19103F-16F7-4668-BE54-9A1E7A4F7556}") = "MasaWasmApp", "tests\MasaWasmApp\MasaWasmApp.csproj", "{5C2DD1F3-214F-475C-81D4-D13EC7ACEFE4}"
EndProject
Project("{FAE04EC0-301F-11D3-BF4B-00C04F79EFBC}") = "Masa.Stack.Components.Standalone", "src\Masa.Stack.Components.Standalone\Masa.Stack.Components.Standalone.csproj", "{DA7D3D4E-BCEA-4FE0-904A-0BD0231A0C69}"
EndProject
Project("{FAE04EC0-301F-11D3-BF4B-00C04F79EFBC}") = "Masa.Stack.Components.Standalone.TestApp", "tests\Masa.Stack.Components.Standalone.TestApp\Masa.Stack.Components.Standalone.TestApp.csproj", "{F1DE11A5-3AF2-474F-84B4-C964F8250265}"
EndProject
Project("{FAE04EC0-301F-11D3-BF4B-00C04F79EFBC}") = "Masa.Blazor", "..\MASA.Blazor\src\Masa.Blazor\Masa.Blazor.csproj", "{93B0DF66-DDF9-4874-8631-EA494ABFB063}"
EndProject
Global
	GlobalSection(SolutionConfigurationPlatforms) = preSolution
		Debug|Any CPU = Debug|Any CPU
		Release|Any CPU = Release|Any CPU
	EndGlobalSection
	GlobalSection(ProjectConfigurationPlatforms) = postSolution
		{4182AAB9-5654-411E-9EC2-813B4C5F20C2}.Debug|Any CPU.ActiveCfg = Debug|Any CPU
		{4182AAB9-5654-411E-9EC2-813B4C5F20C2}.Debug|Any CPU.Build.0 = Debug|Any CPU
		{4182AAB9-5654-411E-9EC2-813B4C5F20C2}.Release|Any CPU.ActiveCfg = Release|Any CPU
		{4182AAB9-5654-411E-9EC2-813B4C5F20C2}.Release|Any CPU.Build.0 = Release|Any CPU
		{DEE455D8-999F-426D-A5D4-D5EAF5E337B8}.Debug|Any CPU.ActiveCfg = Debug|Any CPU
		{DEE455D8-999F-426D-A5D4-D5EAF5E337B8}.Debug|Any CPU.Build.0 = Debug|Any CPU
		{DEE455D8-999F-426D-A5D4-D5EAF5E337B8}.Release|Any CPU.ActiveCfg = Release|Any CPU
		{DEE455D8-999F-426D-A5D4-D5EAF5E337B8}.Release|Any CPU.Build.0 = Release|Any CPU
		{5C2DD1F3-214F-475C-81D4-D13EC7ACEFE4}.Debug|Any CPU.ActiveCfg = Debug|Any CPU
		{5C2DD1F3-214F-475C-81D4-D13EC7ACEFE4}.Debug|Any CPU.Build.0 = Debug|Any CPU
		{5C2DD1F3-214F-475C-81D4-D13EC7ACEFE4}.Release|Any CPU.ActiveCfg = Release|Any CPU
		{5C2DD1F3-214F-475C-81D4-D13EC7ACEFE4}.Release|Any CPU.Build.0 = Release|Any CPU
		{DA7D3D4E-BCEA-4FE0-904A-0BD0231A0C69}.Debug|Any CPU.ActiveCfg = Debug|Any CPU
		{DA7D3D4E-BCEA-4FE0-904A-0BD0231A0C69}.Debug|Any CPU.Build.0 = Debug|Any CPU
		{DA7D3D4E-BCEA-4FE0-904A-0BD0231A0C69}.Release|Any CPU.ActiveCfg = Release|Any CPU
		{DA7D3D4E-BCEA-4FE0-904A-0BD0231A0C69}.Release|Any CPU.Build.0 = Release|Any CPU
		{F1DE11A5-3AF2-474F-84B4-C964F8250265}.Debug|Any CPU.ActiveCfg = Debug|Any CPU
		{F1DE11A5-3AF2-474F-84B4-C964F8250265}.Debug|Any CPU.Build.0 = Debug|Any CPU
		{F1DE11A5-3AF2-474F-84B4-C964F8250265}.Release|Any CPU.ActiveCfg = Release|Any CPU
		{F1DE11A5-3AF2-474F-84B4-C964F8250265}.Release|Any CPU.Build.0 = Release|Any CPU
		{93B0DF66-DDF9-4874-8631-EA494ABFB063}.Debug|Any CPU.ActiveCfg = Debug|Any CPU
		{93B0DF66-DDF9-4874-8631-EA494ABFB063}.Debug|Any CPU.Build.0 = Debug|Any CPU
		{93B0DF66-DDF9-4874-8631-EA494ABFB063}.Release|Any CPU.ActiveCfg = Release|Any CPU
		{93B0DF66-DDF9-4874-8631-EA494ABFB063}.Release|Any CPU.Build.0 = Release|Any CPU
	EndGlobalSection
	GlobalSection(SolutionProperties) = preSolution
		HideSolutionNode = FALSE
	EndGlobalSection
	GlobalSection(ExtensibilityGlobals) = postSolution
		SolutionGuid = {A193CBF4-0FCC-4875-9DFC-AF3CF0ABADD4}
	EndGlobalSection
EndGlobal
